
Microsoft Visual Studio Solution File, Format Version 12.00
# Visual Studio 15
VisualStudioVersion = 15.0.26228.9
MinimumVisualStudioVersion = 10.0.40219.1
Project("{FAE04EC0-301F-11D3-BF4B-00C04F79EFBC}") = "TransferService", "TransferService\TransferService.csproj", "{E7BC108F-2F8E-4CD1-81D1-71AF273CC69A}"
EndProject
Project("{FAE04EC0-301F-11D3-BF4B-00C04F79EFBC}") = "TransferServiceUnitTests", "TransferServiceUnitTests\TransferServiceUnitTests.csproj", "{FA42E296-ABB1-472A-9A56-FE2965AC1CA8}"
	ProjectSection(ProjectDependencies) = postProject
		{E7BC108F-2F8E-4CD1-81D1-71AF273CC69A} = {E7BC108F-2F8E-4CD1-81D1-71AF273CC69A}
	EndProjectSection
EndProject
Global
	GlobalSection(SolutionConfigurationPlatforms) = preSolution
		Debug|Any CPU = Debug|Any CPU
		Release|Any CPU = Release|Any CPU
	EndGlobalSection
	GlobalSection(ProjectConfigurationPlatforms) = postSolution
		{E7BC108F-2F8E-4CD1-81D1-71AF273CC69A}.Debug|Any CPU.ActiveCfg = Debug|Any CPU
		{E7BC108F-2F8E-4CD1-81D1-71AF273CC69A}.Debug|Any CPU.Build.0 = Debug|Any CPU
		{E7BC108F-2F8E-4CD1-81D1-71AF273CC69A}.Release|Any CPU.ActiveCfg = Release|Any CPU
		{E7BC108F-2F8E-4CD1-81D1-71AF273CC69A}.Release|Any CPU.Build.0 = Release|Any CPU
		{FA42E296-ABB1-472A-9A56-FE2965AC1CA8}.Debug|Any CPU.ActiveCfg = Debug|Any CPU
		{FA42E296-ABB1-472A-9A56-FE2965AC1CA8}.Debug|Any CPU.Build.0 = Debug|Any CPU
		{FA42E296-ABB1-472A-9A56-FE2965AC1CA8}.Release|Any CPU.ActiveCfg = Release|Any CPU
		{FA42E296-ABB1-472A-9A56-FE2965AC1CA8}.Release|Any CPU.Build.0 = Release|Any CPU
	EndGlobalSection
	GlobalSection(SolutionProperties) = preSolution
		HideSolutionNode = FALSE
	EndGlobalSection
EndGlobal
